Microsoft Visual Studio Solution File, Format Version 12.00
# Visual Studio 2013
VisualStudioVersion = 12.0.21005.1
MinimumVisualStudioVersion = 10.0.40219.1
Project("{F184B08F-C81C-45F6-A57F-5ABD9991F28F}") = "dCC_lab_10-3", "dCC_lab_10-3.vbproj", "{7207116A-8F2A-4277-8796-8E357969A1C1}"
EndProject
Global
	GlobalSection(SolutionConfigurationPlatforms) = preSolution
		Debug|x86 = Debug|x86
		Release|x86 = Release|x86
	EndGlobalSection
	GlobalSection(ProjectConfigurationPlatforms) = postSolution
		{7207116A-8F2A-4277-8796-8E357969A1C1}.Debug|x86.ActiveCfg = Debug|x86
		{7207116A-8F2A-4277-8796-8E357969A1C1}.Debug|x86.Build.0 = Debug|x86
		{7207116A-8F2A-4277-8796-8E357969A1C1}.Release|x86.ActiveCfg = Release|x86
		{7207116A-8F2A-4277-8796-8E357969A1C1}.Release|x86.Build.0 = Release|x86
	EndGlobalSection
	GlobalSection(SolutionProperties) = preSolution
		HideSolutionNode = FALSE
	EndGlobalSection
EndGlobal
